{
  "object": {
    "pins": [
      {
        "package": "Chalk",
        "repositoryURL": "https://github.com/mxcl/Chalk",
        "state": {
          "branch": null,
          "revision": "a7f58e47a08ca5a84f73acc4bcf6c2c19d990609",
          "version": "0.5.0"
        }
      },
      {
        "package": "IndexStoreDB",
        "repositoryURL": "https://github.com/apple/indexstore-db",
        "state": {
          "branch": "swift-5.6-RELEASE",
          "revision": "47aa228fa4d47ab90e8a3b8d9468d2ca99434463",
          "version": null
        }
      },
      {
        "package": "IsTTY",
        "repositoryURL": "https://github.com/dduan/IsTTY",
        "state": {
          "branch": null,
          "revision": "7d4bc7788580c99d5a5295bdde96d0264b06d96e",
          "version": "0.1.0"
        }
      },
      {
        "package": "Pathos",
        "repositoryURL": "https://github.com/dduan/Pathos",
        "state": {
          "branch": null,
          "revision": "8697a340a25e9974d4bbdee80a4c361c74963c00",
          "version": "0.4.2"
        }
      },
      {
        "package": "swift-argument-parser",
        "repositoryURL": "https://github.com/apple/swift-argument-parser",
        "state": {
          "branch": null,
          "revision": "df9ee6676cd5b3bf5b330ec7568a5644f547201b",
          "version": "1.1.3"
        }
      },
      {
        "package": "swift-system-exit",
        "repositoryURL": "https://github.com/dduan/swift-system-exit",
        "state": {
          "branch": null,
          "revision": "c48e8325ba0b44e88fa65062aabcdcb3b93485aa",
          "version": "1.0.0"
        }
      }
    ]
  },
  "version": 1
}
