{
  "object": {
    "pins": [
      {
        "package": "Chalk",
        "repositoryURL": "https://github.com/mxcl/Chalk",
        "state": {
          "branch": null,
          "revision": "9aa9f348b86db3cf6702a3e43c081ecec80cf3c7",
          "version": "0.4.0"
        }
      },
      {
        "package": "IndexStoreDB",
        "repositoryURL": "https://github.com/apple/indexstore-db",
        "state": {
          "branch": "swift-5.6-RELEASE",
          "revision": "47aa228fa4d47ab90e8a3b8d9468d2ca99434463",
          "version": null
        }
      },
      {
        "package": "IsTTY",
        "repositoryURL": "https://github.com/dduan/IsTTY",
        "state": {
          "branch": null,
          "revision": "7d4bc7788580c99d5a5295bdde96d0264b06d96e",
          "version": "0.1.0"
        }
      },
      {
        "package": "Pathos",
        "repositoryURL": "https://github.com/dduan/Pathos",
        "state": {
          "branch": null,
          "revision": "8697a340a25e9974d4bbdee80a4c361c74963c00",
          "version": "0.4.2"
        }
      },
      {
        "package": "swift-argument-parser",
        "repositoryURL": "https://github.com/apple/swift-argument-parser",
        "state": {
          "branch": null,
          "revision": "82905286cc3f0fa8adc4674bf49437cab65a8373",
          "version": "1.1.1"
        }
      },
      {
        "package": "swift-system-exit",
        "repositoryURL": "https://github.com/dduan/swift-system-exit",
        "state": {
          "branch": null,
          "revision": "c48e8325ba0b44e88fa65062aabcdcb3b93485aa",
          "version": "1.0.0"
        }
      }
    ]
  },
  "version": 1
}
